# This file is generated by running "yarn install" inside your project.
# Manual changes might be lost - proceed with caution!

__metadata:
  version: 4
  cacheKey: 7

"app-workspace-1@workspace:apps/app-workspace-1":
  version: 0.0.0-use.local
  resolution: "app-workspace-1@workspace:apps/app-workspace-1"
  dependencies:
    node_modules-path: 2.0.4
  languageName: unknown
  linkType: soft

"app-workspace-2@workspace:apps/app-workspace-2":
  version: 0.0.0-use.local
  resolution: "app-workspace-2@workspace:apps/app-workspace-2"
  dependencies:
    node_modules-path: 2.0.4
  languageName: unknown
  linkType: soft

"app-workspace-3@workspace:apps/app-workspace-3":
  version: 0.0.0-use.local
  resolution: "app-workspace-3@workspace:apps/app-workspace-3"
  dependencies:
    node_modules-path: 2.0.4
  languageName: unknown
  linkType: soft

"node_modules-path@npm:2.0.4":
  version: 2.0.4
  resolution: "node_modules-path@npm:2.0.4"
  bin:
    node_modules: index.js
  checksum: 0ba01f8a1edbce238052e6875bd1c82f0e525561c5216a950eb930c3984530d3dcaa23514ec5a93663364b31a02b87e35e58a3d910e0c1f64410d8d1aa2278d3
  languageName: node
  linkType: hard

"node_modules-path@npm:2.0.5":
  version: 2.0.5
  resolution: "node_modules-path@npm:2.0.5"
  bin:
    node_modules: bin.js
  checksum: 6670215422969ee063f30245b055aeb23e0432df0246df63fdd887bbe1ba8a99337d46665fd5c9deafa1ce79749615c5da16488d6bc3d88c44c061defd5490a9
  languageName: node
  linkType: hard

"yarn-node-linker-bin-issue@workspace:.":
  version: 0.0.0-use.local
  resolution: "yarn-node-linker-bin-issue@workspace:."
  dependencies:
    node_modules-path: 2.0.5
  languageName: unknown
  linkType: soft
